{"filter":false,"title":"Gemfile.lock","tooltip":"~/LABS/ruby_calisthenics1/Gemfile.lock","undoManager":{"mark":-1,"position":-1,"stack":[]},"ace":{"folds":[],"scrolltop":0,"scrollleft":0,"selection":{"start":{"row":0,"column":0},"end":{"row":0,"column":0},"isBackwards":false},"options":{"guessTabSize":true,"useWrapMode":false,"wrapToView":true},"firstLineState":0},"timestamp":1550004082538,"hash":"3caf64cd2fbafdea55b7fcf0d4cb2b0e11769c89"}